
Microsoft Visual Studio Solution File, Format Version 12.00
# Visual Studio 15
VisualStudioVersion = 15.0.27703.2026
MinimumVisualStudioVersion = 10.0.40219.1
Project("{8BC9CEB8-8B4A-11D0-8D11-00A0C91BC942}") = "LCS", "LCS\LCS.vcxproj", "{53819052-0034-4060-BAC4-AED59E5E068D}"
EndProject
Project("{8BC9CEB8-8B4A-11D0-8D11-00A0C91BC942}") = "range", "range\range.vcxproj", "{DF5103F1-08FA-4C38-B85F-04ACD9A32F55}"
EndProject
Project("{8BC9CEB8-8B4A-11D0-8D11-00A0C91BC942}") = "List", "Project1\Project1.vcxproj", "{8D11F9AC-BCB7-4E34-9F51-CDF12B08BFA6}"
EndProject
Project("{8BC9CEB8-8B4A-11D0-8D11-00A0C91BC942}") = "test", "test\test.vcxproj", "{52E6B134-E9CB-4078-8A12-83B803183688}"
EndProject
Project("{8BC9CEB8-8B4A-11D0-8D11-00A0C91BC942}") = "stack", "stack\stack.vcxproj", "{BB3F5D02-7291-4E4A-A471-ECB76476E620}"
EndProject
Project("{8BC9CEB8-8B4A-11D0-8D11-00A0C91BC942}") = "vector", "vector\vector.vcxproj", "{EC4AE27C-234C-4946-AAA4-0903B79D0E8D}"
EndProject
Project("{8BC9CEB8-8B4A-11D0-8D11-00A0C91BC942}") = "BinaryTree", "BinaryTree\BinaryTree.vcxproj", "{13EB3405-6424-4D31-BC7F-F22FA9EACB1D}"
EndProject
Project("{8BC9CEB8-8B4A-11D0-8D11-00A0C91BC942}") = "leetcode", "leetcode\leetcode.vcxproj", "{EB569076-EFED-4F04-B77F-D644ADC5E838}"
EndProject
Project("{8BC9CEB8-8B4A-11D0-8D11-00A0C91BC942}") = "graph", "graph\graph.vcxproj", "{26C98569-2C4F-442F-B98B-0E9DDA25928C}"
EndProject
Project("{8BC9CEB8-8B4A-11D0-8D11-00A0C91BC942}") = "BBST", "BBST\BBST.vcxproj", "{5BACE126-52D4-413E-8F6B-AE5E5D3BBDAC}"
EndProject
Global
	GlobalSection(SolutionConfigurationPlatforms) = preSolution
		Debug|x64 = Debug|x64
		Debug|x86 = Debug|x86
		Release|x64 = Release|x64
		Release|x86 = Release|x86
	EndGlobalSection
	GlobalSection(ProjectConfigurationPlatforms) = postSolution
		{53819052-0034-4060-BAC4-AED59E5E068D}.Debug|x64.ActiveCfg = Debug|x64
		{53819052-0034-4060-BAC4-AED59E5E068D}.Debug|x64.Build.0 = Debug|x64
		{53819052-0034-4060-BAC4-AED59E5E068D}.Debug|x86.ActiveCfg = Debug|Win32
		{53819052-0034-4060-BAC4-AED59E5E068D}.Debug|x86.Build.0 = Debug|Win32
		{53819052-0034-4060-BAC4-AED59E5E068D}.Release|x64.ActiveCfg = Release|x64
		{53819052-0034-4060-BAC4-AED59E5E068D}.Release|x64.Build.0 = Release|x64
		{53819052-0034-4060-BAC4-AED59E5E068D}.Release|x86.ActiveCfg = Release|Win32
		{53819052-0034-4060-BAC4-AED59E5E068D}.Release|x86.Build.0 = Release|Win32
		{DF5103F1-08FA-4C38-B85F-04ACD9A32F55}.Debug|x64.ActiveCfg = Debug|x64
		{DF5103F1-08FA-4C38-B85F-04ACD9A32F55}.Debug|x64.Build.0 = Debug|x64
		{DF5103F1-08FA-4C38-B85F-04ACD9A32F55}.Debug|x86.ActiveCfg = Debug|Win32
		{DF5103F1-08FA-4C38-B85F-04ACD9A32F55}.Debug|x86.Build.0 = Debug|Win32
		{DF5103F1-08FA-4C38-B85F-04ACD9A32F55}.Release|x64.ActiveCfg = Release|x64
		{DF5103F1-08FA-4C38-B85F-04ACD9A32F55}.Release|x64.Build.0 = Release|x64
		{DF5103F1-08FA-4C38-B85F-04ACD9A32F55}.Release|x86.ActiveCfg = Release|Win32
		{DF5103F1-08FA-4C38-B85F-04ACD9A32F55}.Release|x86.Build.0 = Release|Win32
		{8D11F9AC-BCB7-4E34-9F51-CDF12B08BFA6}.Debug|x64.ActiveCfg = Debug|x64
		{8D11F9AC-BCB7-4E34-9F51-CDF12B08BFA6}.Debug|x64.Build.0 = Debug|x64
		{8D11F9AC-BCB7-4E34-9F51-CDF12B08BFA6}.Debug|x86.ActiveCfg = Debug|Win32
		{8D11F9AC-BCB7-4E34-9F51-CDF12B08BFA6}.Debug|x86.Build.0 = Debug|Win32
		{8D11F9AC-BCB7-4E34-9F51-CDF12B08BFA6}.Release|x64.ActiveCfg = Release|x64
		{8D11F9AC-BCB7-4E34-9F51-CDF12B08BFA6}.Release|x64.Build.0 = Release|x64
		{8D11F9AC-BCB7-4E34-9F51-CDF12B08BFA6}.Release|x86.ActiveCfg = Release|Win32
		{8D11F9AC-BCB7-4E34-9F51-CDF12B08BFA6}.Release|x86.Build.0 = Release|Win32
		{52E6B134-E9CB-4078-8A12-83B803183688}.Debug|x64.ActiveCfg = Debug|x64
		{52E6B134-E9CB-4078-8A12-83B803183688}.Debug|x64.Build.0 = Debug|x64
		{52E6B134-E9CB-4078-8A12-83B803183688}.Debug|x86.ActiveCfg = Debug|Win32
		{52E6B134-E9CB-4078-8A12-83B803183688}.Debug|x86.Build.0 = Debug|Win32
		{52E6B134-E9CB-4078-8A12-83B803183688}.Release|x64.ActiveCfg = Release|x64
		{52E6B134-E9CB-4078-8A12-83B803183688}.Release|x64.Build.0 = Release|x64
		{52E6B134-E9CB-4078-8A12-83B803183688}.Release|x86.ActiveCfg = Release|Win32
		{52E6B134-E9CB-4078-8A12-83B803183688}.Release|x86.Build.0 = Release|Win32
		{BB3F5D02-7291-4E4A-A471-ECB76476E620}.Debug|x64.ActiveCfg = Debug|x64
		{BB3F5D02-7291-4E4A-A471-ECB76476E620}.Debug|x64.Build.0 = Debug|x64
		{BB3F5D02-7291-4E4A-A471-ECB76476E620}.Debug|x86.ActiveCfg = Debug|Win32
		{BB3F5D02-7291-4E4A-A471-ECB76476E620}.Debug|x86.Build.0 = Debug|Win32
		{BB3F5D02-7291-4E4A-A471-ECB76476E620}.Release|x64.ActiveCfg = Release|x64
		{BB3F5D02-7291-4E4A-A471-ECB76476E620}.Release|x64.Build.0 = Release|x64
		{BB3F5D02-7291-4E4A-A471-ECB76476E620}.Release|x86.ActiveCfg = Release|Win32
		{BB3F5D02-7291-4E4A-A471-ECB76476E620}.Release|x86.Build.0 = Release|Win32
		{EC4AE27C-234C-4946-AAA4-0903B79D0E8D}.Debug|x64.ActiveCfg = Debug|x64
		{EC4AE27C-234C-4946-AAA4-0903B79D0E8D}.Debug|x64.Build.0 = Debug|x64
		{EC4AE27C-234C-4946-AAA4-0903B79D0E8D}.Debug|x86.ActiveCfg = Debug|Win32
		{EC4AE27C-234C-4946-AAA4-0903B79D0E8D}.Debug|x86.Build.0 = Debug|Win32
		{EC4AE27C-234C-4946-AAA4-0903B79D0E8D}.Release|x64.ActiveCfg = Release|x64
		{EC4AE27C-234C-4946-AAA4-0903B79D0E8D}.Release|x64.Build.0 = Release|x64
		{EC4AE27C-234C-4946-AAA4-0903B79D0E8D}.Release|x86.ActiveCfg = Release|Win32
		{EC4AE27C-234C-4946-AAA4-0903B79D0E8D}.Release|x86.Build.0 = Release|Win32
		{13EB3405-6424-4D31-BC7F-F22FA9EACB1D}.Debug|x64.ActiveCfg = Debug|x64
		{13EB3405-6424-4D31-BC7F-F22FA9EACB1D}.Debug|x64.Build.0 = Debug|x64
		{13EB3405-6424-4D31-BC7F-F22FA9EACB1D}.Debug|x86.ActiveCfg = Debug|Win32
		{13EB3405-6424-4D31-BC7F-F22FA9EACB1D}.Debug|x86.Build.0 = Debug|Win32
		{13EB3405-6424-4D31-BC7F-F22FA9EACB1D}.Release|x64.ActiveCfg = Release|x64
		{13EB3405-6424-4D31-BC7F-F22FA9EACB1D}.Release|x64.Build.0 = Release|x64
		{13EB3405-6424-4D31-BC7F-F22FA9EACB1D}.Release|x86.ActiveCfg = Release|Win32
		{13EB3405-6424-4D31-BC7F-F22FA9EACB1D}.Release|x86.Build.0 = Release|Win32
		{EB569076-EFED-4F04-B77F-D644ADC5E838}.Debug|x64.ActiveCfg = Debug|x64
		{EB569076-EFED-4F04-B77F-D644ADC5E838}.Debug|x64.Build.0 = Debug|x64
		{EB569076-EFED-4F04-B77F-D644ADC5E838}.Debug|x86.ActiveCfg = Debug|Win32
		{EB569076-EFED-4F04-B77F-D644ADC5E838}.Debug|x86.Build.0 = Debug|Win32
		{EB569076-EFED-4F04-B77F-D644ADC5E838}.Release|x64.ActiveCfg = Release|x64
		{EB569076-EFED-4F04-B77F-D644ADC5E838}.Release|x64.Build.0 = Release|x64
		{EB569076-EFED-4F04-B77F-D644ADC5E838}.Release|x86.ActiveCfg = Release|Win32
		{EB569076-EFED-4F04-B77F-D644ADC5E838}.Release|x86.Build.0 = Release|Win32
		{26C98569-2C4F-442F-B98B-0E9DDA25928C}.Debug|x64.ActiveCfg = Debug|x64
		{26C98569-2C4F-442F-B98B-0E9DDA25928C}.Debug|x64.Build.0 = Debug|x64
		{26C98569-2C4F-442F-B98B-0E9DDA25928C}.Debug|x86.ActiveCfg = Debug|Win32
		{26C98569-2C4F-442F-B98B-0E9DDA25928C}.Debug|x86.Build.0 = Debug|Win32
		{26C98569-2C4F-442F-B98B-0E9DDA25928C}.Release|x64.ActiveCfg = Release|x64
		{26C98569-2C4F-442F-B98B-0E9DDA25928C}.Release|x64.Build.0 = Release|x64
		{26C98569-2C4F-442F-B98B-0E9DDA25928C}.Release|x86.ActiveCfg = Release|Win32
		{26C98569-2C4F-442F-B98B-0E9DDA25928C}.Release|x86.Build.0 = Release|Win32
		{5BACE126-52D4-413E-8F6B-AE5E5D3BBDAC}.Debug|x64.ActiveCfg = Debug|x64
		{5BACE126-52D4-413E-8F6B-AE5E5D3BBDAC}.Debug|x64.Build.0 = Debug|x64
		{5BACE126-52D4-413E-8F6B-AE5E5D3BBDAC}.Debug|x86.ActiveCfg = Debug|Win32
		{5BACE126-52D4-413E-8F6B-AE5E5D3BBDAC}.Debug|x86.Build.0 = Debug|Win32
		{5BACE126-52D4-413E-8F6B-AE5E5D3BBDAC}.Release|x64.ActiveCfg = Release|x64
		{5BACE126-52D4-413E-8F6B-AE5E5D3BBDAC}.Release|x64.Build.0 = Release|x64
		{5BACE126-52D4-413E-8F6B-AE5E5D3BBDAC}.Release|x86.ActiveCfg = Release|Win32
		{5BACE126-52D4-413E-8F6B-AE5E5D3BBDAC}.Release|x86.Build.0 = Release|Win32
	EndGlobalSection
	GlobalSection(SolutionProperties) = preSolution
		HideSolutionNode = FALSE
	EndGlobalSection
	GlobalSection(ExtensibilityGlobals) = postSolution
		SolutionGuid = {F94A723A-0355-4794-82F2-20C53E4F6EC4}
	EndGlobalSection
EndGlobal
